// !$*UTF8*$!
{
	archiveVersion = 1;
	classes = {
	};
	objectVersion = 77;
	objects = {

/* Begin PBXBuildFile section */
		3E1DD07D2E28FC450082609E /* ContentView.swift in Sources */ = {isa = PBXBuildFile; fileRef = 3E1DD07A2E28FC450082609E /* ContentView.swift */; };
		3E1DD07E2E28FC450082609E /* poseLiveStreamApp.swift in Sources */ = {isa = PBXBuildFile; fileRef = 3E1DD07B2E28FC450082609E /* poseLiveStreamApp.swift */; };
		3E1DD07F2E28FC450082609E /* Assets.xcassets in Resources */ = {isa = PBXBuildFile; fileRef = 3E1DD0792E28FC450082609E /* Assets.xcassets */; };
		3E1DD0842E28FC910082609E /* CameraView.swift in Sources */ = {isa = PBXBuildFile; fileRef = 3E1DD0832E28FC910082609E /* CameraView.swift */; };
		3E1DD0862E28FCBF0082609E /* PoseOverlayView.swift in Sources */ = {isa = PBXBuildFile; fileRef = 3E1DD0852E28FCBF0082609E /* PoseOverlayView.swift */; };
		3E1DD0882E28FCF40082609E /* CameraViewModel.swift in Sources */ = {isa = PBXBuildFile; fileRef = 3E1DD0872E28FCF40082609E /* CameraViewModel.swift */; };
		3E1DD08C2E28FD570082609E /* NetWorkSevice.swift in Sources */ = {isa = PBXBuildFile; fileRef = 3E1DD08B2E28FD570082609E /* NetWorkSevice.swift */; };
		3E1DD08E2E28FD730082609E /* PoseResultView.swift in Sources */ = {isa = PBXBuildFile; fileRef = 3E1DD08D2E28FD730082609E /* PoseResultView.swift */; };
		3E1DD09A2E2915BA0082609E /* PoseProcessor.swift in Sources */ = {isa = PBXBuildFile; fileRef = 3E1DD0992E2915BA0082609E /* PoseProcessor.swift */; };
		3E6AA2812E297E9000FE979B /* ImageProcessor.swift in Sources */ = {isa = PBXBuildFile; fileRef = 3E6AA2802E297E9000FE979B /* ImageProcessor.swift */; };
		3E6AA2832E29815500FE979B /* CapturedImageProcessor.swift.swift in Sources */ = {isa = PBXBuildFile; fileRef = 3E6AA2822E29815500FE979B /* CapturedImageProcessor.swift.swift */; };
		3E6AA2852E29838900FE979B /* LiveVideoPoseProcessor.swift in Sources */ = {isa = PBXBuildFile; fileRef = 3E6AA2842E29838900FE979B /* LiveVideoPoseProcessor.swift */; };
		3E6AA2872E29843A00FE979B /* CameraPermissionService.swift in Sources */ = {isa = PBXBuildFile; fileRef = 3E6AA2862E29843A00FE979B /* CameraPermissionService.swift */; };
		3E6AA2982E298F5800FE979B /* CameraSessionConfigurator.swift in Sources */ = {isa = PBXBuildFile; fileRef = 3E6AA2972E298F5800FE979B /* CameraSessionConfigurator.swift */; };
		3E6AA29A2E29922C00FE979B /* PhotoCaptureHandler.swift in Sources */ = {isa = PBXBuildFile; fileRef = 3E6AA2992E29922C00FE979B /* PhotoCaptureHandler.swift */; };
		3E6AA29C2E2992EA00FE979B /* PhotoCaptureTimer.swift in Sources */ = {isa = PBXBuildFile; fileRef = 3E6AA29B2E2992EA00FE979B /* PhotoCaptureTimer.swift */; };
		3E6AA29E2E2993B500FE979B /* FrameRateTracker.swift in Sources */ = {isa = PBXBuildFile; fileRef = 3E6AA29D2E2993B500FE979B /* FrameRateTracker.swift */; };
		3E6AA2A02E2994C400FE979B /* LivePoseHandler.swift in Sources */ = {isa = PBXBuildFile; fileRef = 3E6AA29F2E2994C400FE979B /* LivePoseHandler.swift */; };
		3E9FACFA2E2A4C2800852DDC /* PhotoHandlerFactory.swift in Sources */ = {isa = PBXBuildFile; fileRef = 3E9FACF92E2A4C2800852DDC /* PhotoHandlerFactory.swift */; };
		3E9FAD002E2A52B800852DDC /* CameraTypes.swift in Sources */ = {isa = PBXBuildFile; fileRef = 3E9FACFF2E2A52B800852DDC /* CameraTypes.swift */; };
		3E9FAD022E2A537500852DDC /* CameraConfiguration.swift in Sources */ = {isa = PBXBuildFile; fileRef = 3E9FAD012E2A537500852DDC /* CameraConfiguration.swift */; };
/* End PBXBuildFile section */

/* Begin PBXFileReference section */
		3E1DD06B2E28FC010082609E /* poseLiveStream.app */ = {isa = PBXFileReference; explicitFileType = wrapper.application; includeInIndex = 0; path = poseLiveStream.app; sourceTree = BUILT_PRODUCTS_DIR; };
		3E1DD0792E28FC450082609E /* Assets.xcassets */ = {isa = PBXFileReference; lastKnownFileType = folder.assetcatalog; path = Assets.xcassets; sourceTree = "<group>"; };
		3E1DD07A2E28FC450082609E /* ContentView.swift */ = {isa = PBXFileReference; lastKnownFileType = sourcecode.swift; path = ContentView.swift; sourceTree = "<group>"; };
		3E1DD07B2E28FC450082609E /* poseLiveStreamApp.swift */ = {isa = PBXFileReference; lastKnownFileType = sourcecode.swift; path = poseLiveStreamApp.swift; sourceTree = "<group>"; };
		3E1DD0832E28FC910082609E /* CameraView.swift */ = {isa = PBXFileReference; lastKnownFileType = sourcecode.swift; path = CameraView.swift; sourceTree = "<group>"; };
		3E1DD0852E28FCBF0082609E /* PoseOverlayView.swift */ = {isa = PBXFileReference; lastKnownFileType = sourcecode.swift; path = PoseOverlayView.swift; sourceTree = "<group>"; };
		3E1DD0872E28FCF40082609E /* CameraViewModel.swift */ = {isa = PBXFileReference; lastKnownFileType = sourcecode.swift; path = CameraViewModel.swift; sourceTree = "<group>"; };
		3E1DD08B2E28FD570082609E /* NetWorkSevice.swift */ = {isa = PBXFileReference; lastKnownFileType = sourcecode.swift; path = NetWorkSevice.swift; sourceTree = "<group>"; };
		3E1DD08D2E28FD730082609E /* PoseResultView.swift */ = {isa = PBXFileReference; lastKnownFileType = sourcecode.swift; path = PoseResultView.swift; sourceTree = "<group>"; };
		3E1DD0912E2901320082609E /* Info.plist */ = {isa = PBXFileReference; lastKnownFileType = text.plist.xml; path = Info.plist; sourceTree = "<group>"; };
		3E1DD0992E2915BA0082609E /* PoseProcessor.swift */ = {isa = PBXFileReference; lastKnownFileType = sourcecode.swift; path = PoseProcessor.swift; sourceTree = "<group>"; };
		3E6AA2802E297E9000FE979B /* ImageProcessor.swift */ = {isa = PBXFileReference; lastKnownFileType = sourcecode.swift; path = ImageProcessor.swift; sourceTree = "<group>"; };
		3E6AA2822E29815500FE979B /* CapturedImageProcessor.swift.swift */ = {isa = PBXFileReference; lastKnownFileType = sourcecode.swift; path = CapturedImageProcessor.swift.swift; sourceTree = "<group>"; };
		3E6AA2842E29838900FE979B /* LiveVideoPoseProcessor.swift */ = {isa = PBXFileReference; lastKnownFileType = sourcecode.swift; path = LiveVideoPoseProcessor.swift; sourceTree = "<group>"; };
		3E6AA2862E29843A00FE979B /* CameraPermissionService.swift */ = {isa = PBXFileReference; lastKnownFileType = sourcecode.swift; path = CameraPermissionService.swift; sourceTree = "<group>"; };
		3E6AA2972E298F5800FE979B /* CameraSessionConfigurator.swift */ = {isa = PBXFileReference; lastKnownFileType = sourcecode.swift; path = CameraSessionConfigurator.swift; sourceTree = "<group>"; };
		3E6AA2992E29922C00FE979B /* PhotoCaptureHandler.swift */ = {isa = PBXFileReference; lastKnownFileType = sourcecode.swift; path = PhotoCaptureHandler.swift; sourceTree = "<group>"; };
		3E6AA29B2E2992EA00FE979B /* PhotoCaptureTimer.swift */ = {isa = PBXFileReference; lastKnownFileType = sourcecode.swift; path = PhotoCaptureTimer.swift; sourceTree = "<group>"; };
		3E6AA29D2E2993B500FE979B /* FrameRateTracker.swift */ = {isa = PBXFileReference; lastKnownFileType = sourcecode.swift; path = FrameRateTracker.swift; sourceTree = "<group>"; };
		3E6AA29F2E2994C400FE979B /* LivePoseHandler.swift */ = {isa = PBXFileReference; lastKnownFileType = sourcecode.swift; path = LivePoseHandler.swift; sourceTree = "<group>"; };
		3E9FACF92E2A4C2800852DDC /* PhotoHandlerFactory.swift */ = {isa = PBXFileReference; lastKnownFileType = sourcecode.swift; path = PhotoHandlerFactory.swift; sourceTree = "<group>"; };
		3E9FACFF2E2A52B800852DDC /* CameraTypes.swift */ = {isa = PBXFileReference; lastKnownFileType = sourcecode.swift; path = CameraTypes.swift; sourceTree = "<group>"; };
		3E9FAD012E2A537500852DDC /* CameraConfiguration.swift */ = {isa = PBXFileReference; lastKnownFileType = sourcecode.swift; path = CameraConfiguration.swift; sourceTree = "<group>"; };
/* End PBXFileReference section */

/* Begin PBXFrameworksBuildPhase section */
		3E1DD0682E28FC010082609E /* Frameworks */ = {
			isa = PBXFrameworksBuildPhase;
			buildActionMask = 2147483647;
			files = (
			);
			runOnlyForDeploymentPostprocessing = 0;
		};
/* End PBXFrameworksBuildPhase section */

/* Begin PBXGroup section */
		3E1DD0622E28FC010082609E = {
			isa = PBXGroup;
			children = (
				3E1DD07C2E28FC450082609E /* poseLiveStream */,
				3E1DD06C2E28FC010082609E /* Products */,
			);
			sourceTree = "<group>";
		};
		3E1DD06C2E28FC010082609E /* Products */ = {
			isa = PBXGroup;
			children = (
				3E1DD06B2E28FC010082609E /* poseLiveStream.app */,
			);
			name = Products;
			sourceTree = "<group>";
		};
		3E1DD07C2E28FC450082609E /* poseLiveStream */ = {
			isa = PBXGroup;
			children = (
				3E9FACFE2E2A4DE000852DDC /* Features */,
			);
			path = poseLiveStream;
			sourceTree = "<group>";
		};
		3E1DD0802E28FC490082609E /* Support */ = {
			isa = PBXGroup;
			children = (
				3E1DD0792E28FC450082609E /* Assets.xcassets */,
				3E1DD0912E2901320082609E /* Info.plist */,
				3E1DD07B2E28FC450082609E /* poseLiveStreamApp.swift */,
			);
			path = Support;
			sourceTree = "<group>";
		};
		3E1DD08F2E28FDC50082609E /* View */ = {
			isa = PBXGroup;
			children = (
				3E1DD07A2E28FC450082609E /* ContentView.swift */,
				3E1DD0832E28FC910082609E /* CameraView.swift */,
				3E1DD08D2E28FD730082609E /* PoseResultView.swift */,
				3E1DD0852E28FCBF0082609E /* PoseOverlayView.swift */,
			);
			path = View;
			sourceTree = "<group>";
		};
		3E1DD0952E2910160082609E /* NetWork */ = {
			isa = PBXGroup;
			children = (
				3E1DD08B2E28FD570082609E /* NetWorkSevice.swift */,
			);
			path = NetWork;
			sourceTree = "<group>";
		};
		3E1DD0982E29158F0082609E /* Camera */ = {
			isa = PBXGroup;
			children = (
				3E9FACFD2E2A4D0800852DDC /* PhotoCapture */,
				3E9FACFC2E2A4CFD00852DDC /* Session */,
				3E9FACFB2E2A4CDF00852DDC /* Processing */,
			);
			path = Camera;
			sourceTree = "<group>";
		};
		3E9FACFB2E2A4CDF00852DDC /* Processing */ = {
			isa = PBXGroup;
			children = (
				3E6AA2842E29838900FE979B /* LiveVideoPoseProcessor.swift */,
				3E1DD0992E2915BA0082609E /* PoseProcessor.swift */,
				3E6AA2802E297E9000FE979B /* ImageProcessor.swift */,
				3E6AA2822E29815500FE979B /* CapturedImageProcessor.swift.swift */,
			);
			path = Processing;
			sourceTree = "<group>";
		};
		3E9FACFC2E2A4CFD00852DDC /* Session */ = {
			isa = PBXGroup;
			children = (
				3E6AA2972E298F5800FE979B /* CameraSessionConfigurator.swift */,
				3E6AA2862E29843A00FE979B /* CameraPermissionService.swift */,
				3E6AA29B2E2992EA00FE979B /* PhotoCaptureTimer.swift */,
				3E6AA29D2E2993B500FE979B /* FrameRateTracker.swift */,
				3E6AA29F2E2994C400FE979B /* LivePoseHandler.swift */,
				3E9FACFF2E2A52B800852DDC /* CameraTypes.swift */,
				3E9FAD012E2A537500852DDC /* CameraConfiguration.swift */,
			);
			path = Session;
			sourceTree = "<group>";
		};
		3E9FACFD2E2A4D0800852DDC /* PhotoCapture */ = {
			isa = PBXGroup;
			children = (
				3E9FACF92E2A4C2800852DDC /* PhotoHandlerFactory.swift */,
				3E6AA2992E29922C00FE979B /* PhotoCaptureHandler.swift */,
				3E1DD0872E28FCF40082609E /* CameraViewModel.swift */,
			);
			path = PhotoCapture;
			sourceTree = "<group>";
		};
		3E9FACFE2E2A4DE000852DDC /* Features */ = {
			isa = PBXGroup;
			children = (
				3E1DD0982E29158F0082609E /* Camera */,
				3E1DD0952E2910160082609E /* NetWork */,
				3E1DD08F2E28FDC50082609E /* View */,
				3E1DD0802E28FC490082609E /* Support */,
			);
			path = Features;
			sourceTree = "<group>";
		};
/* End PBXGroup section */

/* Begin PBXNativeTarget section */
		3E1DD06A2E28FC010082609E /* poseLiveStream */ = {
			isa = PBXNativeTarget;
			buildConfigurationList = 3E1DD0762E28FC020082609E /* Build configuration list for PBXNativeTarget "poseLiveStream" */;
			buildPhases = (
				3E1DD0672E28FC010082609E /* Sources */,
				3E1DD0682E28FC010082609E /* Frameworks */,
				3E1DD0692E28FC010082609E /* Resources */,
			);
			buildRules = (
			);
			dependencies = (
			);
			name = poseLiveStream;
			packageProductDependencies = (
			);
			productName = poseLiveStream;
			productReference = 3E1DD06B2E28FC010082609E /* poseLiveStream.app */;
			productType = "com.apple.product-type.application";
		};
/* End PBXNativeTarget section */

/* Begin PBXProject section */
		3E1DD0632E28FC010082609E /* Project object */ = {
			isa = PBXProject;
			attributes = {
				BuildIndependentTargetsInParallel = 1;
				LastSwiftUpdateCheck = 1640;
				LastUpgradeCheck = 1640;
				TargetAttributes = {
					3E1DD06A2E28FC010082609E = {
						CreatedOnToolsVersion = 16.4;
					};
				};
			};
			buildConfigurationList = 3E1DD0662E28FC010082609E /* Build configuration list for PBXProject "poseLiveStream" */;
			developmentRegion = en;
			hasScannedForEncodings = 0;
			knownRegions = (
				en,
				Base,
			);
			mainGroup = 3E1DD0622E28FC010082609E;
			minimizedProjectReferenceProxies = 1;
			preferredProjectObjectVersion = 77;
			productRefGroup = 3E1DD06C2E28FC010082609E /* Products */;
			projectDirPath = "";
			projectRoot = "";
			targets = (
				3E1DD06A2E28FC010082609E /* poseLiveStream */,
			);
		};
/* End PBXProject section */

/* Begin PBXResourcesBuildPhase section */
		3E1DD0692E28FC010082609E /* Resources */ = {
			isa = PBXResourcesBuildPhase;
			buildActionMask = 2147483647;
			files = (
				3E1DD07F2E28FC450082609E /* Assets.xcassets in Resources */,
			);
			runOnlyForDeploymentPostprocessing = 0;
		};
/* End PBXResourcesBuildPhase section */

/* Begin PBXSourcesBuildPhase section */
		3E1DD0672E28FC010082609E /* Sources */ = {
			isa = PBXSourcesBuildPhase;
			buildActionMask = 2147483647;
			files = (
				3E1DD08E2E28FD730082609E /* PoseResultView.swift in Sources */,
				3E6AA2812E297E9000FE979B /* ImageProcessor.swift in Sources */,
				3E1DD09A2E2915BA0082609E /* PoseProcessor.swift in Sources */,
				3E9FAD002E2A52B800852DDC /* CameraTypes.swift in Sources */,
				3E1DD08C2E28FD570082609E /* NetWorkSevice.swift in Sources */,
				3E6AA29E2E2993B500FE979B /* FrameRateTracker.swift in Sources */,
				3E6AA2982E298F5800FE979B /* CameraSessionConfigurator.swift in Sources */,
				3E9FACFA2E2A4C2800852DDC /* PhotoHandlerFactory.swift in Sources */,
				3E6AA29C2E2992EA00FE979B /* PhotoCaptureTimer.swift in Sources */,
				3E9FAD022E2A537500852DDC /* CameraConfiguration.swift in Sources */,
				3E1DD0862E28FCBF0082609E /* PoseOverlayView.swift in Sources */,
				3E6AA29A2E29922C00FE979B /* PhotoCaptureHandler.swift in Sources */,
				3E6AA2832E29815500FE979B /* CapturedImageProcessor.swift.swift in Sources */,
				3E6AA2852E29838900FE979B /* LiveVideoPoseProcessor.swift in Sources */,
				3E6AA2A02E2994C400FE979B /* LivePoseHandler.swift in Sources */,
				3E1DD0842E28FC910082609E /* CameraView.swift in Sources */,
				3E6AA2872E29843A00FE979B /* CameraPermissionService.swift in Sources */,
				3E1DD07D2E28FC450082609E /* ContentView.swift in Sources */,
				3E1DD0882E28FCF40082609E /* CameraViewModel.swift in Sources */,
				3E1DD07E2E28FC450082609E /* poseLiveStreamApp.swift in Sources */,
			);
			runOnlyForDeploymentPostprocessing = 0;
		};
/* End PBXSourcesBuildPhase section */

/* Begin XCBuildConfiguration section */
		3E1DD0742E28FC020082609E /* Debug */ = {
			isa = XCBuildConfiguration;
			buildSettings = {
				ALWAYS_SEARCH_USER_PATHS = NO;
				ASSETCATALOG_COMPILER_GENERATE_SWIFT_ASSET_SYMBOL_EXTENSIONS = YES;
				CLANG_ANALYZER_NONNULL = YES;
				CLANG_ANALYZER_NUMBER_OBJECT_CONVERSION = YES_AGGRESSIVE;
				CLANG_CXX_LANGUAGE_STANDARD = "gnu++20";
				CLANG_ENABLE_MODULES = YES;
				CLANG_ENABLE_OBJC_ARC = YES;
				CLANG_ENABLE_OBJC_WEAK = YES;
				CLANG_WARN_BLOCK_CAPTURE_AUTORELEASING = YES;
				CLANG_WARN_BOOL_CONVERSION = YES;
				CLANG_WARN_COMMA = YES;
				CLANG_WARN_CONSTANT_CONVERSION = YES;
				CLANG_WARN_DEPRECATED_OBJC_IMPLEMENTATIONS = YES;
				CLANG_WARN_DIRECT_OBJC_ISA_USAGE = YES_ERROR;
				CLANG_WARN_DOCUMENTATION_COMMENTS = YES;
				CLANG_WARN_EMPTY_BODY = YES;
				CLANG_WARN_ENUM_CONVERSION = YES;
				CLANG_WARN_INFINITE_RECURSION = YES;
				CLANG_WARN_INT_CONVERSION = YES;
				CLANG_WARN_NON_LITERAL_NULL_CONVERSION = YES;
				CLANG_WARN_OBJC_IMPLICIT_RETAIN_SELF = YES;
				CLANG_WARN_OBJC_LITERAL_CONVERSION = YES;
				CLANG_WARN_OBJC_ROOT_CLASS = YES_ERROR;
				CLANG_WARN_QUOTED_INCLUDE_IN_FRAMEWORK_HEADER = YES;
				CLANG_WARN_RANGE_LOOP_ANALYSIS = YES;
				CLANG_WARN_STRICT_PROTOTYPES = YES;
				CLANG_WARN_SUSPICIOUS_MOVE = YES;
				CLANG_WARN_UNGUARDED_AVAILABILITY = YES_AGGRESSIVE;
				CLANG_WARN_UNREACHABLE_CODE = YES;
				CLANG_WARN__DUPLICATE_METHOD_MATCH = YES;
				COPY_PHASE_STRIP = NO;
				DEBUG_INFORMATION_FORMAT = dwarf;
				DEVELOPMENT_TEAM = 6WBSBWSNWN;
				ENABLE_STRICT_OBJC_MSGSEND = YES;
				ENABLE_TESTABILITY = YES;
				ENABLE_USER_SCRIPT_SANDBOXING = YES;
				GCC_C_LANGUAGE_STANDARD = gnu17;
				GCC_DYNAMIC_NO_PIC = NO;
				GCC_NO_COMMON_BLOCKS = YES;
				GCC_OPTIMIZATION_LEVEL = 0;
				GCC_PREPROCESSOR_DEFINITIONS = (
					"DEBUG=1",
					"$(inherited)",
				);
				GCC_WARN_64_TO_32_BIT_CONVERSION = YES;
				GCC_WARN_ABOUT_RETURN_TYPE = YES_ERROR;
				GCC_WARN_UNDECLARED_SELECTOR = YES;
				GCC_WARN_UNINITIALIZED_AUTOS = YES_AGGRESSIVE;
				GCC_WARN_UNUSED_FUNCTION = YES;
				GCC_WARN_UNUSED_VARIABLE = YES;
				IPHONEOS_DEPLOYMENT_TARGET = 18.5;
				LOCALIZATION_PREFERS_STRING_CATALOGS = YES;
				MTL_ENABLE_DEBUG_INFO = INCLUDE_SOURCE;
				MTL_FAST_MATH = YES;
				ONLY_ACTIVE_ARCH = YES;
				SDKROOT = iphoneos;
				SWIFT_ACTIVE_COMPILATION_CONDITIONS = "DEBUG $(inherited)";
				SWIFT_OPTIMIZATION_LEVEL = "-Onone";
			};
			name = Debug;
		};
		3E1DD0752E28FC020082609E /* Release */ = {
			isa = XCBuildConfiguration;
			buildSettings = {
				ALWAYS_SEARCH_USER_PATHS = NO;
				ASSETCATALOG_COMPILER_GENERATE_SWIFT_ASSET_SYMBOL_EXTENSIONS = YES;
				CLANG_ANALYZER_NONNULL = YES;
				CLANG_ANALYZER_NUMBER_OBJECT_CONVERSION = YES_AGGRESSIVE;
				CLANG_CXX_LANGUAGE_STANDARD = "gnu++20";
				CLANG_ENABLE_MODULES = YES;
				CLANG_ENABLE_OBJC_ARC = YES;
				CLANG_ENABLE_OBJC_WEAK = YES;
				CLANG_WARN_BLOCK_CAPTURE_AUTORELEASING = YES;
				CLANG_WARN_BOOL_CONVERSION = YES;
				CLANG_WARN_COMMA = YES;
				CLANG_WARN_CONSTANT_CONVERSION = YES;
				CLANG_WARN_DEPRECATED_OBJC_IMPLEMENTATIONS = YES;
				CLANG_WARN_DIRECT_OBJC_ISA_USAGE = YES_ERROR;
				CLANG_WARN_DOCUMENTATION_COMMENTS = YES;
				CLANG_WARN_EMPTY_BODY = YES;
				CLANG_WARN_ENUM_CONVERSION = YES;
				CLANG_WARN_INFINITE_RECURSION = YES;
				CLANG_WARN_INT_CONVERSION = YES;
				CLANG_WARN_NON_LITERAL_NULL_CONVERSION = YES;
				CLANG_WARN_OBJC_IMPLICIT_RETAIN_SELF = YES;
				CLANG_WARN_OBJC_LITERAL_CONVERSION = YES;
				CLANG_WARN_OBJC_ROOT_CLASS = YES_ERROR;
				CLANG_WARN_QUOTED_INCLUDE_IN_FRAMEWORK_HEADER = YES;
				CLANG_WARN_RANGE_LOOP_ANALYSIS = YES;
				CLANG_WARN_STRICT_PROTOTYPES = YES;
				CLANG_WARN_SUSPICIOUS_MOVE = YES;
				CLANG_WARN_UNGUARDED_AVAILABILITY = YES_AGGRESSIVE;
				CLANG_WARN_UNREACHABLE_CODE = YES;
				CLANG_WARN__DUPLICATE_METHOD_MATCH = YES;
				COPY_PHASE_STRIP = NO;
				DEBUG_INFORMATION_FORMAT = "dwarf-with-dsym";
				DEVELOPMENT_TEAM = 6WBSBWSNWN;
				ENABLE_NS_ASSERTIONS = NO;
				ENABLE_STRICT_OBJC_MSGSEND = YES;
				ENABLE_USER_SCRIPT_SANDBOXING = YES;
				GCC_C_LANGUAGE_STANDARD = gnu17;
				GCC_NO_COMMON_BLOCKS = YES;
				GCC_WARN_64_TO_32_BIT_CONVERSION = YES;
				GCC_WARN_ABOUT_RETURN_TYPE = YES_ERROR;
				GCC_WARN_UNDECLARED_SELECTOR = YES;
				GCC_WARN_UNINITIALIZED_AUTOS = YES_AGGRESSIVE;
				GCC_WARN_UNUSED_FUNCTION = YES;
				GCC_WARN_UNUSED_VARIABLE = YES;
				IPHONEOS_DEPLOYMENT_TARGET = 18.5;
				LOCALIZATION_PREFERS_STRING_CATALOGS = YES;
				MTL_ENABLE_DEBUG_INFO = NO;
				MTL_FAST_MATH = YES;
				SDKROOT = iphoneos;
				SWIFT_COMPILATION_MODE = wholemodule;
				VALIDATE_PRODUCT = YES;
			};
			name = Release;
		};
		3E1DD0772E28FC020082609E /* Debug */ = {
			isa = XCBuildConfiguration;
			buildSettings = {
				ASSETCATALOG_COMPILER_APPICON_NAME = AppIcon;
				ASSETCATALOG_COMPILER_GLOBAL_ACCENT_COLOR_NAME = AccentColor;
				CODE_SIGN_STYLE = Automatic;
				CURRENT_PROJECT_VERSION = 1;
				DEVELOPMENT_TEAM = 6WBSBWSNWN;
				ENABLE_PREVIEWS = YES;
				GENERATE_INFOPLIST_FILE = NO;
				INFOPLIST_FILE = "$(SRCROOT)/poseLiveStream/Features/Support/Info.plist";
				INFOPLIST_KEY_UIApplicationSceneManifest_Generation = YES;
				INFOPLIST_KEY_UIApplicationSupportsIndirectInputEvents = YES;
				INFOPLIST_KEY_UILaunchScreen_Generation = YES;
				INFOPLIST_KEY_UISupportedInterfaceOrientations_iPad = "UIInterfaceOrientationPortrait UIInterfaceOrientationPortraitUpsideDown UIInterfaceOrientationLandscapeLeft UIInterfaceOrientationLandscapeRight";
				INFOPLIST_KEY_UISupportedInterfaceOrientations_iPhone = "UIInterfaceOrientationPortrait UIInterfaceOrientationLandscapeLeft UIInterfaceOrientationLandscapeRight";
				IPHONEOS_DEPLOYMENT_TARGET = 17;
				LD_RUNPATH_SEARCH_PATHS = (
					"$(inherited)",
					"@executable_path/Frameworks",
				);
				MARKETING_VERSION = 1.0;
				PRODUCT_BUNDLE_IDENTIFIER = Boytik.poseLiveStream;
				PRODUCT_NAME = "$(TARGET_NAME)";
				SWIFT_EMIT_LOC_STRINGS = YES;
				SWIFT_VERSION = 5.0;
				TARGETED_DEVICE_FAMILY = "1,2";
			};
			name = Debug;
		};
		3E1DD0782E28FC020082609E /* Release */ = {
			isa = XCBuildConfiguration;
			buildSettings = {
				ASSETCATALOG_COMPILER_APPICON_NAME = AppIcon;
				ASSETCATALOG_COMPILER_GLOBAL_ACCENT_COLOR_NAME = AccentColor;
				CODE_SIGN_STYLE = Automatic;
				CURRENT_PROJECT_VERSION = 1;
				DEVELOPMENT_TEAM = 6WBSBWSNWN;
				ENABLE_PREVIEWS = YES;
				GENERATE_INFOPLIST_FILE = NO;
				INFOPLIST_FILE = "$(SRCROOT)/poseLiveStream/Features/Support/Info.plist";
				INFOPLIST_KEY_UIApplicationSceneManifest_Generation = YES;
				INFOPLIST_KEY_UIApplicationSupportsIndirectInputEvents = YES;
				INFOPLIST_KEY_UILaunchScreen_Generation = YES;
				INFOPLIST_KEY_UISupportedInterfaceOrientations_iPad = "UIInterfaceOrientationPortrait UIInterfaceOrientationPortraitUpsideDown UIInterfaceOrientationLandscapeLeft UIInterfaceOrientationLandscapeRight";
				INFOPLIST_KEY_UISupportedInterfaceOrientations_iPhone = "UIInterfaceOrientationPortrait UIInterfaceOrientationLandscapeLeft UIInterfaceOrientationLandscapeRight";
				IPHONEOS_DEPLOYMENT_TARGET = 17;
				LD_RUNPATH_SEARCH_PATHS = (
					"$(inherited)",
					"@executable_path/Frameworks",
				);
				MARKETING_VERSION = 1.0;
				PRODUCT_BUNDLE_IDENTIFIER = Boytik.poseLiveStream;
				PRODUCT_NAME = "$(TARGET_NAME)";
				SWIFT_EMIT_LOC_STRINGS = YES;
				SWIFT_VERSION = 5.0;
				TARGETED_DEVICE_FAMILY = "1,2";
			};
			name = Release;
		};
/* End XCBuildConfiguration section */

/* Begin XCConfigurationList section */
		3E1DD0662E28FC010082609E /* Build configuration list for PBXProject "poseLiveStream" */ = {
			isa = XCConfigurationList;
			buildConfigurations = (
				3E1DD0742E28FC020082609E /* Debug */,
				3E1DD0752E28FC020082609E /* Release */,
			);
			defaultConfigurationIsVisible = 0;
			defaultConfigurationName = Release;
		};
		3E1DD0762E28FC020082609E /* Build configuration list for PBXNativeTarget "poseLiveStream" */ = {
			isa = XCConfigurationList;
			buildConfigurations = (
				3E1DD0772E28FC020082609E /* Debug */,
				3E1DD0782E28FC020082609E /* Release */,
			);
			defaultConfigurationIsVisible = 0;
			defaultConfigurationName = Release;
		};
/* End XCConfigurationList section */
	};
	rootObject = 3E1DD0632E28FC010082609E /* Project object */;
}
